// !$*UTF8*$!
{
	archiveVersion = 1;
	classes = {
	};
	objectVersion = 50;
	objects = {

/* Begin PBXBuildFile section */
		1D53569A2089EE34009DA1C5 /* QMUIConfigurationTemplate.m in Sources */ = {isa = PBXBuildFile; fileRef = 1D5356992089EE34009DA1C5 /* QMUIConfigurationTemplate.m */; };
		5292DD1B160C409450CEF375 /* Pods_UoocTeacher.framework in Frameworks */ = {isa = PBXBuildFile; fileRef = D84B21BA7A833C3BB7A773B5 /* Pods_UoocTeacher.framework */; };
		E1310A73208492A400144702 /* AppDelegate.swift in Sources */ = {isa = PBXBuildFile; fileRef = E1310A72208492A400144702 /* AppDelegate.swift */; };
		E1310A7A208492A600144702 /* Assets.xcassets in Resources */ = {isa = PBXBuildFile; fileRef = E1310A79208492A600144702 /* Assets.xcassets */; };
		E1310A7D208492A600144702 /* LaunchScreen.storyboard in Resources */ = {isa = PBXBuildFile; fileRef = E1310A7B208492A600144702 /* LaunchScreen.storyboard */; };
		E1310A8F208496EE00144702 /* ImageAsset.swift in Sources */ = {isa = PBXBuildFile; fileRef = E1310A8E208496EE00144702 /* ImageAsset.swift */; };
		E1310A912084A36800144702 /* ThirdParty.swift in Sources */ = {isa = PBXBuildFile; fileRef = E1310A902084A36800144702 /* ThirdParty.swift */; };
		E1310AA42084B0BB00144702 /* BaseViewController.swift in Sources */ = {isa = PBXBuildFile; fileRef = E1310AA32084B0BB00144702 /* BaseViewController.swift */; };
		E1310AA62084B27000144702 /* UOCTabbarViewController.swift in Sources */ = {isa = PBXBuildFile; fileRef = E1310AA52084B27000144702 /* UOCTabbarViewController.swift */; };
		E1310AA82084B35500144702 /* UOCNavigationViewController.swift in Sources */ = {isa = PBXBuildFile; fileRef = E1310AA72084B35500144702 /* UOCNavigationViewController.swift */; };
		E16F7B3F2087281400CE9F3D /* APIService.swift in Sources */ = {isa = PBXBuildFile; fileRef = E16F7B3E2087281400CE9F3D /* APIService.swift */; };
		E16F7B4120872B6B00CE9F3D /* UOCSecondViewController.swift in Sources */ = {isa = PBXBuildFile; fileRef = E16F7B4020872B6B00CE9F3D /* UOCSecondViewController.swift */; };
		E16F7B4520874C0A00CE9F3D /* Model.swift in Sources */ = {isa = PBXBuildFile; fileRef = E16F7B4420874C0A00CE9F3D /* Model.swift */; };
		E16F7B6B20879FE800CE9F3D /* ViewModel.swift in Sources */ = {isa = PBXBuildFile; fileRef = E16F7B6A20879FE800CE9F3D /* ViewModel.swift */; };
		E16F7B6F2088443F00CE9F3D /* RxSwift+Observable.swift in Sources */ = {isa = PBXBuildFile; fileRef = E16F7B6E2088443F00CE9F3D /* RxSwift+Observable.swift */; };
		E1D39F092088A77200D968C8 /* ApiManagerService.swift in Sources */ = {isa = PBXBuildFile; fileRef = E1D39F082088A77200D968C8 /* ApiManagerService.swift */; };
		E1DE1EE72085D3D30000FDBE /* UOCDetailViewController.swift in Sources */ = {isa = PBXBuildFile; fileRef = E1DE1EE62085D3D30000FDBE /* UOCDetailViewController.swift */; };
/* End PBXBuildFile section */

/* Begin PBXFileReference section */
		1D5356982089EE34009DA1C5 /* QMUIConfigurationTemplate.h */ = {isa = PBXFileReference; fileEncoding = 4; lastKnownFileType = sourcecode.c.h; path = QMUIConfigurationTemplate.h; sourceTree = "<group>"; };
		1D5356992089EE34009DA1C5 /* QMUIConfigurationTemplate.m */ = {isa = PBXFileReference; fileEncoding = 4; lastKnownFileType = sourcecode.c.objc; path = QMUIConfigurationTemplate.m; sourceTree = "<group>"; };
		D84B21BA7A833C3BB7A773B5 /* Pods_UoocTeacher.framework */ = {isa = PBXFileReference; explicitFileType = wrapper.framework; includeInIndex = 0; path = Pods_UoocTeacher.framework; sourceTree = BUILT_PRODUCTS_DIR; };
		E1310A6F208492A400144702 /* UoocTeacher.app */ = {isa = PBXFileReference; explicitFileType = wrapper.application; includeInIndex = 0; path = UoocTeacher.app; sourceTree = BUILT_PRODUCTS_DIR; };
		E1310A72208492A400144702 /* AppDelegate.swift */ = {isa = PBXFileReference; lastKnownFileType = sourcecode.swift; path = AppDelegate.swift; sourceTree = "<group>"; };
		E1310A79208492A600144702 /* Assets.xcassets */ = {isa = PBXFileReference; lastKnownFileType = folder.assetcatalog; path = Assets.xcassets; sourceTree = "<group>"; };
		E1310A7C208492A600144702 /* Base */ = {isa = PBXFileReference; lastKnownFileType = file.storyboard; name = Base; path = Base.lproj/LaunchScreen.storyboard; sourceTree = "<group>"; };
		E1310A7E208492A700144702 /* Info.plist */ = {isa = PBXFileReference; lastKnownFileType = text.plist.xml; path = Info.plist; sourceTree = "<group>"; };
		E1310A8E208496EE00144702 /* ImageAsset.swift */ = {isa = PBXFileReference; fileEncoding = 4; lastKnownFileType = sourcecode.swift; path = ImageAsset.swift; sourceTree = "<group>"; };
		E1310A902084A36800144702 /* ThirdParty.swift */ = {isa = PBXFileReference; lastKnownFileType = sourcecode.swift; path = ThirdParty.swift; sourceTree = "<group>"; };
		E1310A9A2084A9A100144702 /* UoocTeacher-Bridging-Header.h */ = {isa = PBXFileReference; lastKnownFileType = sourcecode.c.h; path = "UoocTeacher-Bridging-Header.h"; sourceTree = "<group>"; };
		E1310AA32084B0BB00144702 /* BaseViewController.swift */ = {isa = PBXFileReference; lastKnownFileType = sourcecode.swift; path = BaseViewController.swift; sourceTree = "<group>"; };
		E1310AA52084B27000144702 /* UOCTabbarViewController.swift */ = {isa = PBXFileReference; lastKnownFileType = sourcecode.swift; path = UOCTabbarViewController.swift; sourceTree = "<group>"; };
		E1310AA72084B35500144702 /* UOCNavigationViewController.swift */ = {isa = PBXFileReference; lastKnownFileType = sourcecode.swift; path = UOCNavigationViewController.swift; sourceTree = "<group>"; };
		E16F7B3E2087281400CE9F3D /* APIService.swift */ = {isa = PBXFileReference; lastKnownFileType = sourcecode.swift; path = APIService.swift; sourceTree = "<group>"; };
		E16F7B4020872B6B00CE9F3D /* UOCSecondViewController.swift */ = {isa = PBXFileReference; lastKnownFileType = sourcecode.swift; path = UOCSecondViewController.swift; sourceTree = "<group>"; };
		E16F7B4420874C0A00CE9F3D /* Model.swift */ = {isa = PBXFileReference; lastKnownFileType = sourcecode.swift; path = Model.swift; sourceTree = "<group>"; };
		E16F7B6A20879FE800CE9F3D /* ViewModel.swift */ = {isa = PBXFileReference; lastKnownFileType = sourcecode.swift; path = ViewModel.swift; sourceTree = "<group>"; };
		E16F7B6E2088443F00CE9F3D /* RxSwift+Observable.swift */ = {isa = PBXFileReference; lastKnownFileType = sourcecode.swift; path = "RxSwift+Observable.swift"; sourceTree = "<group>"; };
		E1D39F082088A77200D968C8 /* ApiManagerService.swift */ = {isa = PBXFileReference; lastKnownFileType = sourcecode.swift; path = ApiManagerService.swift; sourceTree = "<group>"; };
		E1DE1EE62085D3D30000FDBE /* UOCDetailViewController.swift */ = {isa = PBXFileReference; lastKnownFileType = sourcecode.swift; path = UOCDetailViewController.swift; sourceTree = "<group>"; };
		E2A99EBC67F6E3CD7AC3CDF1 /* Pods-UoocTeacher.release.xcconfig */ = {isa = PBXFileReference; includeInIndex = 1; lastKnownFileType = text.xcconfig; name = "Pods-UoocTeacher.release.xcconfig"; path = "Pods/Target Support Files/Pods-UoocTeacher/Pods-UoocTeacher.release.xcconfig"; sourceTree = "<group>"; };
		F783A800AA8BC379270AE0BC /* Pods-UoocTeacher.debug.xcconfig */ = {isa = PBXFileReference; includeInIndex = 1; lastKnownFileType = text.xcconfig; name = "Pods-UoocTeacher.debug.xcconfig"; path = "Pods/Target Support Files/Pods-UoocTeacher/Pods-UoocTeacher.debug.xcconfig"; sourceTree = "<group>"; };
/* End PBXFileReference section */

/* Begin PBXFrameworksBuildPhase section */
		E1310A6C208492A400144702 /* Frameworks */ = {
			isa = PBXFrameworksBuildPhase;
			buildActionMask = 2147483647;
			files = (
				5292DD1B160C409450CEF375 /* Pods_UoocTeacher.framework in Frameworks */,
			);
			runOnlyForDeploymentPostprocessing = 0;
		};
/* End PBXFrameworksBuildPhase section */

/* Begin PBXGroup section */
		1B1A77988B4C254CCBE95F75 /* Pods */ = {
			isa = PBXGroup;
			children = (
				F783A800AA8BC379270AE0BC /* Pods-UoocTeacher.debug.xcconfig */,
				E2A99EBC67F6E3CD7AC3CDF1 /* Pods-UoocTeacher.release.xcconfig */,
			);
			name = Pods;
			sourceTree = "<group>";
		};
		1D5356972089EE34009DA1C5 /* QMUIConfigurationTemplate */ = {
			isa = PBXGroup;
			children = (
				1D5356982089EE34009DA1C5 /* QMUIConfigurationTemplate.h */,
				1D5356992089EE34009DA1C5 /* QMUIConfigurationTemplate.m */,
			);
			name = QMUIConfigurationTemplate;
			path = Pods/QMUIKit/QMUIConfigurationTemplate;
			sourceTree = SOURCE_ROOT;
		};
		A5FAB5BDFAB6C9BD106F59CF /* Frameworks */ = {
			isa = PBXGroup;
			children = (
				D84B21BA7A833C3BB7A773B5 /* Pods_UoocTeacher.framework */,
			);
			name = Frameworks;
			sourceTree = "<group>";
		};
		E1310A66208492A400144702 = {
			isa = PBXGroup;
			children = (
				E1310A71208492A400144702 /* UoocTeacher */,
				E1310A70208492A400144702 /* Products */,
				1B1A77988B4C254CCBE95F75 /* Pods */,
				A5FAB5BDFAB6C9BD106F59CF /* Frameworks */,
			);
			sourceTree = "<group>";
		};
		E1310A70208492A400144702 /* Products */ = {
			isa = PBXGroup;
			children = (
				E1310A6F208492A400144702 /* UoocTeacher.app */,
			);
			name = Products;
			sourceTree = "<group>";
		};
		E1310A71208492A400144702 /* UoocTeacher */ = {
			isa = PBXGroup;
			children = (
				E1310A72208492A400144702 /* AppDelegate.swift */,
				E1310A8E208496EE00144702 /* ImageAsset.swift */,
				E1310A842084955A00144702 /* Classes */,
				E1310A79208492A600144702 /* Assets.xcassets */,
				E1310A7B208492A600144702 /* LaunchScreen.storyboard */,
				E1310A7E208492A700144702 /* Info.plist */,
			);
			path = UoocTeacher;
			sourceTree = "<group>";
		};
		E1310A842084955A00144702 /* Classes */ = {
			isa = PBXGroup;
			children = (
				E1310A852084955A00144702 /* Util */,
				E1310A892084955A00144702 /* NetWork */,
				E1310A8A2084955A00144702 /* Common */,
				E1310A8B2084955A00144702 /* Resource */,
				E1310A8C2084955A00144702 /* ThirdParty */,
			);
			path = Classes;
			sourceTree = "<group>";
		};
		E1310A852084955A00144702 /* Util */ = {
			isa = PBXGroup;
			children = (
				E1310A862084955A00144702 /* Category */,
				E1310A872084955A00144702 /* Reference */,
				E1310A882084955A00144702 /* Tool */,
			);
			path = Util;
			sourceTree = "<group>";
		};
		E1310A862084955A00144702 /* Category */ = {
			isa = PBXGroup;
			children = (
				E16F7B6E2088443F00CE9F3D /* RxSwift+Observable.swift */,
			);
			path = Category;
			sourceTree = "<group>";
		};
		E1310A872084955A00144702 /* Reference */ = {
			isa = PBXGroup;
			children = (
				E1310A902084A36800144702 /* ThirdParty.swift */,
				E1310A9A2084A9A100144702 /* UoocTeacher-Bridging-Header.h */,
			);
			path = Reference;
			sourceTree = "<group>";
		};
		E1310A882084955A00144702 /* Tool */ = {
			isa = PBXGroup;
			children = (
			);
			path = Tool;
			sourceTree = "<group>";
		};
		E1310A892084955A00144702 /* NetWork */ = {
			isa = PBXGroup;
			children = (
				E1D39F082088A77200D968C8 /* ApiManagerService.swift */,
			);
			path = NetWork;
			sourceTree = "<group>";
		};
		E1310A8A2084955A00144702 /* Common */ = {
			isa = PBXGroup;
			children = (
				E1310AA22084B09D00144702 /* Base */,
				E16F7B3E2087281400CE9F3D /* APIService.swift */,
				E16F7B4420874C0A00CE9F3D /* Model.swift */,
				E16F7B6A20879FE800CE9F3D /* ViewModel.swift */,
			);
			path = Common;
			sourceTree = "<group>";
		};
		E1310A8B2084955A00144702 /* Resource */ = {
			isa = PBXGroup;
			children = (
			);
			path = Resource;
			sourceTree = "<group>";
		};
		E1310A8C2084955A00144702 /* ThirdParty */ = {
			isa = PBXGroup;
			children = (
				1D5356972089EE34009DA1C5 /* QMUIConfigurationTemplate */,
			);
			path = ThirdParty;
			sourceTree = "<group>";
		};
		E1310AA22084B09D00144702 /* Base */ = {
			isa = PBXGroup;
			children = (
				E1310AA32084B0BB00144702 /* BaseViewController.swift */,
				E1DE1EE62085D3D30000FDBE /* UOCDetailViewController.swift */,
				E16F7B4020872B6B00CE9F3D /* UOCSecondViewController.swift */,
				E1310AA52084B27000144702 /* UOCTabbarViewController.swift */,
				E1310AA72084B35500144702 /* UOCNavigationViewController.swift */,
			);
			path = Base;
			sourceTree = "<group>";
		};
/* End PBXGroup section */

/* Begin PBXNativeTarget section */
		E1310A6E208492A400144702 /* UoocTeacher */ = {
			isa = PBXNativeTarget;
			buildConfigurationList = E1310A81208492A700144702 /* Build configuration list for PBXNativeTarget "UoocTeacher" */;
			buildPhases = (
				9F7FCC90B0EEE00566AA1B76 /* [CP] Check Pods Manifest.lock */,
				E1310A6B208492A400144702 /* Sources */,
				E1310A6C208492A400144702 /* Frameworks */,
				E1310A6D208492A400144702 /* Resources */,
				E1310A8D208495D500144702 /* ShellScript */,
				BD06EBCF72E1D96913407B14 /* [CP] Embed Pods Frameworks */,
			);
			buildRules = (
			);
			dependencies = (
			);
			name = UoocTeacher;
			productName = UoocTeacher;
			productReference = E1310A6F208492A400144702 /* UoocTeacher.app */;
			productType = "com.apple.product-type.application";
		};
/* End PBXNativeTarget section */

/* Begin PBXProject section */
		E1310A67208492A400144702 /* Project object */ = {
			isa = PBXProject;
			attributes = {
				CLASSPREFIX = UOC;
				LastSwiftUpdateCheck = 0930;
				LastUpgradeCheck = 0930;
				ORGANIZATIONNAME = "胡浩三雄";
				TargetAttributes = {
					E1310A6E208492A400144702 = {
						CreatedOnToolsVersion = 9.3;
						LastSwiftMigration = 0930;
					};
				};
			};
			buildConfigurationList = E1310A6A208492A400144702 /* Build configuration list for PBXProject "UoocTeacher" */;
			compatibilityVersion = "Xcode 9.3";
			developmentRegion = en;
			hasScannedForEncodings = 0;
			knownRegions = (
				en,
				Base,
			);
			mainGroup = E1310A66208492A400144702;
			productRefGroup = E1310A70208492A400144702 /* Products */;
			projectDirPath = "";
			projectRoot = "";
			targets = (
				E1310A6E208492A400144702 /* UoocTeacher */,
			);
		};
/* End PBXProject section */

/* Begin PBXResourcesBuildPhase section */
		E1310A6D208492A400144702 /* Resources */ = {
			isa = PBXResourcesBuildPhase;
			buildActionMask = 2147483647;
			files = (
				E1310A7D208492A600144702 /* LaunchScreen.storyboard in Resources */,
				E1310A7A208492A600144702 /* Assets.xcassets in Resources */,
			);
			runOnlyForDeploymentPostprocessing = 0;
		};
/* End PBXResourcesBuildPhase section */

/* Begin PBXShellScriptBuildPhase section */
		9F7FCC90B0EEE00566AA1B76 /* [CP] Check Pods Manifest.lock */ = {
			isa = PBXShellScriptBuildPhase;
			buildActionMask = 2147483647;
			files = (
			);
			inputPaths = (
				"${PODS_PODFILE_DIR_PATH}/Podfile.lock",
				"${PODS_ROOT}/Manifest.lock",
			);
			name = "[CP] Check Pods Manifest.lock";
			outputPaths = (
				"$(DERIVED_FILE_DIR)/Pods-UoocTeacher-checkManifestLockResult.txt",
			);
			runOnlyForDeploymentPostprocessing = 0;
			shellPath = /bin/sh;
			shellScript = "diff \"${PODS_PODFILE_DIR_PATH}/Podfile.lock\" \"${PODS_ROOT}/Manifest.lock\" > /dev/null\nif [ $? != 0 ] ; then\n    # print error to STDERR\n    echo \"error: The sandbox is not in sync with the Podfile.lock. Run 'pod install' or update your CocoaPods installation.\" >&2\n    exit 1\nfi\n# This output is used by Xcode 'outputs' to avoid re-running this script phase.\necho \"SUCCESS\" > \"${SCRIPT_OUTPUT_FILE_0}\"\n";
			showEnvVarsInLog = 0;
		};
		BD06EBCF72E1D96913407B14 /* [CP] Embed Pods Frameworks */ = {
			isa = PBXShellScriptBuildPhase;
			buildActionMask = 2147483647;
			files = (
			);
			inputPaths = (
				"${SRCROOT}/Pods/Target Support Files/Pods-UoocTeacher/Pods-UoocTeacher-frameworks.sh",
				"${BUILT_PRODUCTS_DIR}/Alamofire/Alamofire.framework",
				"${BUILT_PRODUCTS_DIR}/HandyJSON/HandyJSON.framework",
				"${BUILT_PRODUCTS_DIR}/Hero/Hero.framework",
				"${BUILT_PRODUCTS_DIR}/Kingfisher/Kingfisher.framework",
				"${BUILT_PRODUCTS_DIR}/Material/Material.framework",
				"${BUILT_PRODUCTS_DIR}/Motion/Motion.framework",
				"${BUILT_PRODUCTS_DIR}/Moya/Moya.framework",
				"${BUILT_PRODUCTS_DIR}/QMUIKit/QMUIKit.framework",
				"${BUILT_PRODUCTS_DIR}/Result/Result.framework",
				"${BUILT_PRODUCTS_DIR}/RxBlocking/RxBlocking.framework",
				"${BUILT_PRODUCTS_DIR}/RxCocoa/RxCocoa.framework",
				"${BUILT_PRODUCTS_DIR}/RxSwift/RxSwift.framework",
				"${BUILT_PRODUCTS_DIR}/SnapKit/SnapKit.framework",
			);
			name = "[CP] Embed Pods Frameworks";
			outputPaths = (
				"${TARGET_BUILD_DIR}/${FRAMEWORKS_FOLDER_PATH}/Alamofire.framework",
				"${TARGET_BUILD_DIR}/${FRAMEWORKS_FOLDER_PATH}/HandyJSON.framework",
				"${TARGET_BUILD_DIR}/${FRAMEWORKS_FOLDER_PATH}/Hero.framework",
				"${TARGET_BUILD_DIR}/${FRAMEWORKS_FOLDER_PATH}/Kingfisher.framework",
				"${TARGET_BUILD_DIR}/${FRAMEWORKS_FOLDER_PATH}/Material.framework",
				"${TARGET_BUILD_DIR}/${FRAMEWORKS_FOLDER_PATH}/Motion.framework",
				"${TARGET_BUILD_DIR}/${FRAMEWORKS_FOLDER_PATH}/Moya.framework",
				"${TARGET_BUILD_DIR}/${FRAMEWORKS_FOLDER_PATH}/QMUIKit.framework",
				"${TARGET_BUILD_DIR}/${FRAMEWORKS_FOLDER_PATH}/Result.framework",
				"${TARGET_BUILD_DIR}/${FRAMEWORKS_FOLDER_PATH}/RxBlocking.framework",
				"${TARGET_BUILD_DIR}/${FRAMEWORKS_FOLDER_PATH}/RxCocoa.framework",
				"${TARGET_BUILD_DIR}/${FRAMEWORKS_FOLDER_PATH}/RxSwift.framework",
				"${TARGET_BUILD_DIR}/${FRAMEWORKS_FOLDER_PATH}/SnapKit.framework",
			);
			runOnlyForDeploymentPostprocessing = 0;
			shellPath = /bin/sh;
			shellScript = "\"${SRCROOT}/Pods/Target Support Files/Pods-UoocTeacher/Pods-UoocTeacher-frameworks.sh\"\n";
			showEnvVarsInLog = 0;
		};
		E1310A8D208495D500144702 /* ShellScript */ = {
			isa = PBXShellScriptBuildPhase;
			buildActionMask = 2147483647;
			files = (
			);
			inputPaths = (
			);
			outputPaths = (
			);
			runOnlyForDeploymentPostprocessing = 0;
			shellPath = /bin/sh;
			shellScript = "if which \"$PROJECT_DIR\"/swiftgen-5.2.1/bin/swiftgen >/dev/null;\nthen\nset -e\n\"$PROJECT_DIR\"/swiftgen-5.2.1/bin/swiftgen xcassets -t my_swift4 \"$PROJECT_DIR/UoocTeacher/Assets.xcassets\" --output \"$PROJECT_DIR/UoocTeacher/ImageAsset.swift\"\nelse\necho \"##run echo warning: SwiftGen not installed, download it from https://github.com/SwiftGen/SwiftGen\"\nfi";
		};
/* End PBXShellScriptBuildPhase section */

/* Begin PBXSourcesBuildPhase section */
		E1310A6B208492A400144702 /* Sources */ = {
			isa = PBXSourcesBuildPhase;
			buildActionMask = 2147483647;
			files = (
				E1310AA42084B0BB00144702 /* BaseViewController.swift in Sources */,
				E1DE1EE72085D3D30000FDBE /* UOCDetailViewController.swift in Sources */,
				1D53569A2089EE34009DA1C5 /* QMUIConfigurationTemplate.m in Sources */,
				E1310A8F208496EE00144702 /* ImageAsset.swift in Sources */,
				E16F7B4520874C0A00CE9F3D /* Model.swift in Sources */,
				E1310A73208492A400144702 /* AppDelegate.swift in Sources */,
				E1310AA62084B27000144702 /* UOCTabbarViewController.swift in Sources */,
				E16F7B4120872B6B00CE9F3D /* UOCSecondViewController.swift in Sources */,
				E1310A912084A36800144702 /* ThirdParty.swift in Sources */,
				E16F7B3F2087281400CE9F3D /* APIService.swift in Sources */,
				E1D39F092088A77200D968C8 /* ApiManagerService.swift in Sources */,
				E16F7B6B20879FE800CE9F3D /* ViewModel.swift in Sources */,
				E16F7B6F2088443F00CE9F3D /* RxSwift+Observable.swift in Sources */,
				E1310AA82084B35500144702 /* UOCNavigationViewController.swift in Sources */,
			);
			runOnlyForDeploymentPostprocessing = 0;
		};
/* End PBXSourcesBuildPhase section */

/* Begin PBXVariantGroup section */
		E1310A7B208492A600144702 /* LaunchScreen.storyboard */ = {
			isa = PBXVariantGroup;
			children = (
				E1310A7C208492A600144702 /* Base */,
			);
			name = LaunchScreen.storyboard;
			sourceTree = "<group>";
		};
/* End PBXVariantGroup section */

/* Begin XCBuildConfiguration section */
		E1310A7F208492A700144702 /* Debug */ = {
			isa = XCBuildConfiguration;
			buildSettings = {
				ALWAYS_SEARCH_USER_PATHS = NO;
				CLANG_ANALYZER_NONNULL = YES;
				CLANG_ANALYZER_NUMBER_OBJECT_CONVERSION = YES_AGGRESSIVE;
				CLANG_CXX_LANGUAGE_STANDARD = "gnu++14";
				CLANG_CXX_LIBRARY = "libc++";
				CLANG_ENABLE_MODULES = YES;
				CLANG_ENABLE_OBJC_ARC = YES;
				CLANG_ENABLE_OBJC_WEAK = YES;
				CLANG_WARN_BLOCK_CAPTURE_AUTORELEASING = YES;
				CLANG_WARN_BOOL_CONVERSION = YES;
				CLANG_WARN_COMMA = YES;
				CLANG_WARN_CONSTANT_CONVERSION = YES;
				CLANG_WARN_DEPRECATED_OBJC_IMPLEMENTATIONS = YES;
				CLANG_WARN_DIRECT_OBJC_ISA_USAGE = YES_ERROR;
				CLANG_WARN_DOCUMENTATION_COMMENTS = YES;
				CLANG_WARN_EMPTY_BODY = YES;
				CLANG_WARN_ENUM_CONVERSION = YES;
				CLANG_WARN_INFINITE_RECURSION = YES;
				CLANG_WARN_INT_CONVERSION = YES;
				CLANG_WARN_NON_LITERAL_NULL_CONVERSION = YES;
				CLANG_WARN_OBJC_IMPLICIT_RETAIN_SELF = YES;
				CLANG_WARN_OBJC_LITERAL_CONVERSION = YES;
				CLANG_WARN_OBJC_ROOT_CLASS = YES_ERROR;
				CLANG_WARN_RANGE_LOOP_ANALYSIS = YES;
				CLANG_WARN_STRICT_PROTOTYPES = YES;
				CLANG_WARN_SUSPICIOUS_MOVE = YES;
				CLANG_WARN_UNGUARDED_AVAILABILITY = YES_AGGRESSIVE;
				CLANG_WARN_UNREACHABLE_CODE = YES;
				CLANG_WARN__DUPLICATE_METHOD_MATCH = YES;
				CODE_SIGN_IDENTITY = "iPhone Developer";
				COPY_PHASE_STRIP = NO;
				DEBUG_INFORMATION_FORMAT = dwarf;
				ENABLE_STRICT_OBJC_MSGSEND = YES;
				ENABLE_TESTABILITY = YES;
				GCC_C_LANGUAGE_STANDARD = gnu11;
				GCC_DYNAMIC_NO_PIC = NO;
				GCC_NO_COMMON_BLOCKS = YES;
				GCC_OPTIMIZATION_LEVEL = 0;
				GCC_PREPROCESSOR_DEFINITIONS = (
					"DEBUG=1",
					"$(inherited)",
				);
				GCC_WARN_64_TO_32_BIT_CONVERSION = YES;
				GCC_WARN_ABOUT_RETURN_TYPE = YES_ERROR;
				GCC_WARN_UNDECLARED_SELECTOR = YES;
				GCC_WARN_UNINITIALIZED_AUTOS = YES_AGGRESSIVE;
				GCC_WARN_UNUSED_FUNCTION = YES;
				GCC_WARN_UNUSED_VARIABLE = YES;
				IPHONEOS_DEPLOYMENT_TARGET = 11.3;
				MTL_ENABLE_DEBUG_INFO = YES;
				ONLY_ACTIVE_ARCH = YES;
				SDKROOT = iphoneos;
				SWIFT_ACTIVE_COMPILATION_CONDITIONS = DEBUG;
				SWIFT_OPTIMIZATION_LEVEL = "-Onone";
			};
			name = Debug;
		};
		E1310A80208492A700144702 /* Release */ = {
			isa = XCBuildConfiguration;
			buildSettings = {
				ALWAYS_SEARCH_USER_PATHS = NO;
				CLANG_ANALYZER_NONNULL = YES;
				CLANG_ANALYZER_NUMBER_OBJECT_CONVERSION = YES_AGGRESSIVE;
				CLANG_CXX_LANGUAGE_STANDARD = "gnu++14";
				CLANG_CXX_LIBRARY = "libc++";
				CLANG_ENABLE_MODULES = YES;
				CLANG_ENABLE_OBJC_ARC = YES;
				CLANG_ENABLE_OBJC_WEAK = YES;
				CLANG_WARN_BLOCK_CAPTURE_AUTORELEASING = YES;
				CLANG_WARN_BOOL_CONVERSION = YES;
				CLANG_WARN_COMMA = YES;
				CLANG_WARN_CONSTANT_CONVERSION = YES;
				CLANG_WARN_DEPRECATED_OBJC_IMPLEMENTATIONS = YES;
				CLANG_WARN_DIRECT_OBJC_ISA_USAGE = YES_ERROR;
				CLANG_WARN_DOCUMENTATION_COMMENTS = YES;
				CLANG_WARN_EMPTY_BODY = YES;
				CLANG_WARN_ENUM_CONVERSION = YES;
				CLANG_WARN_INFINITE_RECURSION = YES;
				CLANG_WARN_INT_CONVERSION = YES;
				CLANG_WARN_NON_LITERAL_NULL_CONVERSION = YES;
				CLANG_WARN_OBJC_IMPLICIT_RETAIN_SELF = YES;
				CLANG_WARN_OBJC_LITERAL_CONVERSION = YES;
				CLANG_WARN_OBJC_ROOT_CLASS = YES_ERROR;
				CLANG_WARN_RANGE_LOOP_ANALYSIS = YES;
				CLANG_WARN_STRICT_PROTOTYPES = YES;
				CLANG_WARN_SUSPICIOUS_MOVE = YES;
				CLANG_WARN_UNGUARDED_AVAILABILITY = YES_AGGRESSIVE;
				CLANG_WARN_UNREACHABLE_CODE = YES;
				CLANG_WARN__DUPLICATE_METHOD_MATCH = YES;
				CODE_SIGN_IDENTITY = "iPhone Developer";
				COPY_PHASE_STRIP = NO;
				DEBUG_INFORMATION_FORMAT = "dwarf-with-dsym";
				ENABLE_NS_ASSERTIONS = NO;
				ENABLE_STRICT_OBJC_MSGSEND = YES;
				GCC_C_LANGUAGE_STANDARD = gnu11;
				GCC_NO_COMMON_BLOCKS = YES;
				GCC_WARN_64_TO_32_BIT_CONVERSION = YES;
				GCC_WARN_ABOUT_RETURN_TYPE = YES_ERROR;
				GCC_WARN_UNDECLARED_SELECTOR = YES;
				GCC_WARN_UNINITIALIZED_AUTOS = YES_AGGRESSIVE;
				GCC_WARN_UNUSED_FUNCTION = YES;
				GCC_WARN_UNUSED_VARIABLE = YES;
				IPHONEOS_DEPLOYMENT_TARGET = 11.3;
				MTL_ENABLE_DEBUG_INFO = NO;
				SDKROOT = iphoneos;
				SWIFT_COMPILATION_MODE = wholemodule;
				SWIFT_OPTIMIZATION_LEVEL = "-O";
				VALIDATE_PRODUCT = YES;
			};
			name = Release;
		};
		E1310A82208492A700144702 /* Debug */ = {
			isa = XCBuildConfiguration;
			baseConfigurationReference = F783A800AA8BC379270AE0BC /* Pods-UoocTeacher.debug.xcconfig */;
			buildSettings = {
				ASSETCATALOG_COMPILER_APPICON_NAME = AppIcon;
				CLANG_ENABLE_MODULES = YES;
				CODE_SIGN_STYLE = Manual;
				DEVELOPMENT_TEAM = 9P6269MA4E;
				INFOPLIST_FILE = UoocTeacher/Info.plist;
				IPHONEOS_DEPLOYMENT_TARGET = 8.0;
				LD_RUNPATH_SEARCH_PATHS = (
					"$(inherited)",
					"@executable_path/Frameworks",
				);
				PRODUCT_BUNDLE_IDENTIFIER = com.uooc.UoocTeacher;
				PRODUCT_NAME = "$(TARGET_NAME)";
				PROVISIONING_PROFILE = "1707a773-00b4-40f0-ae43-ad07ebb8312d";
				PROVISIONING_PROFILE_SPECIFIER = Teacher_Dev;
				SWIFT_OBJC_BRIDGING_HEADER = "UoocTeacher/Classes/Util/Reference/UoocTeacher-Bridging-Header.h";
				SWIFT_OPTIMIZATION_LEVEL = "-Onone";
				SWIFT_VERSION = 4.0;
				TARGETED_DEVICE_FAMILY = "1,2";
			};
			name = Debug;
		};
		E1310A83208492A700144702 /* Release */ = {
			isa = XCBuildConfiguration;
			baseConfigurationReference = E2A99EBC67F6E3CD7AC3CDF1 /* Pods-UoocTeacher.release.xcconfig */;
			buildSettings = {
				ASSETCATALOG_COMPILER_APPICON_NAME = AppIcon;
				CLANG_ENABLE_MODULES = YES;
				CODE_SIGN_STYLE = Manual;
				DEVELOPMENT_TEAM = 9P6269MA4E;
				INFOPLIST_FILE = UoocTeacher/Info.plist;
				IPHONEOS_DEPLOYMENT_TARGET = 8.0;
				LD_RUNPATH_SEARCH_PATHS = (
					"$(inherited)",
					"@executable_path/Frameworks",
				);
				PRODUCT_BUNDLE_IDENTIFIER = com.uooc.UoocTeacher;
				PRODUCT_NAME = "$(TARGET_NAME)";
				PROVISIONING_PROFILE = "1707a773-00b4-40f0-ae43-ad07ebb8312d";
				PROVISIONING_PROFILE_SPECIFIER = Teacher_Dev;
				SWIFT_OBJC_BRIDGING_HEADER = "UoocTeacher/Classes/Util/Reference/UoocTeacher-Bridging-Header.h";
				SWIFT_VERSION = 4.0;
				TARGETED_DEVICE_FAMILY = "1,2";
			};
			name = Release;
		};
/* End XCBuildConfiguration section */

/* Begin XCConfigurationList section */
		E1310A6A208492A400144702 /* Build configuration list for PBXProject "UoocTeacher" */ = {
			isa = XCConfigurationList;
			buildConfigurations = (
				E1310A7F208492A700144702 /* Debug */,
				E1310A80208492A700144702 /* Release */,
			);
			defaultConfigurationIsVisible = 0;
			defaultConfigurationName = Release;
		};
		E1310A81208492A700144702 /* Build configuration list for PBXNativeTarget "UoocTeacher" */ = {
			isa = XCConfigurationList;
			buildConfigurations = (
				E1310A82208492A700144702 /* Debug */,
				E1310A83208492A700144702 /* Release */,
			);
			defaultConfigurationIsVisible = 0;
			defaultConfigurationName = Release;
		};
/* End XCConfigurationList section */
	};
	rootObject = E1310A67208492A400144702 /* Project object */;
}
